
Microsoft Visual Studio Solution File, Format Version 12.00
# Visual Studio Version 17
VisualStudioVersion = 17.7.34024.191
MinimumVisualStudioVersion = 10.0.40219.1
Project("{2150E333-8FDC-42A3-9474-1A3956D46DE8}") = "src", "src", "{3B05337A-4713-4AD8-BA82-4FD64C679EC0}"
EndProject
Project("{2150E333-8FDC-42A3-9474-1A3956D46DE8}") = "tests", "tests", "{07701BB4-4B52-467F-81C0-B3930CC2AD1A}"
EndProject
Project("{2150E333-8FDC-42A3-9474-1A3956D46DE8}") = "API", "API", "{BD6518F6-D15A-4926-BA8D-0D7FBD270C57}"
EndProject
Project("{2150E333-8FDC-42A3-9474-1A3956D46DE8}") = "Core", "Core", "{C00A33D0-7D50-410A-BF74-99E48862713A}"
EndProject
Project("{2150E333-8FDC-42A3-9474-1A3956D46DE8}") = "Infrastructure", "Infrastructure", "{E10B5C29-FDE2-4D8D-AE81-E5A3F5CFFD3D}"
EndProject
Project("{2150E333-8FDC-42A3-9474-1A3956D46DE8}") = "UI", "UI", "{861C05A3-6527-49A3-B3DC-D0DB0002490E}"
EndProject
Project("{9A19103F-16F7-4668-BE54-9A1E7A4F7556}") = "HR.LeaveManagement.Domain", "HR.LeaveManagement.Domain\HR.LeaveManagement.Domain.csproj", "{CDDC1E89-303F-417C-A878-D0BE77627AB3}"
EndProject
Project("{FAE04EC0-301F-11D3-BF4B-00C04F79EFBC}") = "HR.LeaveManagement.Application", "HR.LeaveManagement.Application\HR.LeaveManagement.Application.csproj", "{27887084-A203-45CA-AA87-F462BC18F8B2}"
EndProject
Global
	GlobalSection(SolutionConfigurationPlatforms) = preSolution
		Debug|Any CPU = Debug|Any CPU
		Release|Any CPU = Release|Any CPU
	EndGlobalSection
	GlobalSection(ProjectConfigurationPlatforms) = postSolution
		{CDDC1E89-303F-417C-A878-D0BE77627AB3}.Debug|Any CPU.ActiveCfg = Debug|Any CPU
		{CDDC1E89-303F-417C-A878-D0BE77627AB3}.Debug|Any CPU.Build.0 = Debug|Any CPU
		{CDDC1E89-303F-417C-A878-D0BE77627AB3}.Release|Any CPU.ActiveCfg = Release|Any CPU
		{CDDC1E89-303F-417C-A878-D0BE77627AB3}.Release|Any CPU.Build.0 = Release|Any CPU
		{27887084-A203-45CA-AA87-F462BC18F8B2}.Debug|Any CPU.ActiveCfg = Debug|Any CPU
		{27887084-A203-45CA-AA87-F462BC18F8B2}.Debug|Any CPU.Build.0 = Debug|Any CPU
		{27887084-A203-45CA-AA87-F462BC18F8B2}.Release|Any CPU.ActiveCfg = Release|Any CPU
		{27887084-A203-45CA-AA87-F462BC18F8B2}.Release|Any CPU.Build.0 = Release|Any CPU
	EndGlobalSection
	GlobalSection(SolutionProperties) = preSolution
		HideSolutionNode = FALSE
	EndGlobalSection
	GlobalSection(NestedProjects) = preSolution
		{BD6518F6-D15A-4926-BA8D-0D7FBD270C57} = {3B05337A-4713-4AD8-BA82-4FD64C679EC0}
		{C00A33D0-7D50-410A-BF74-99E48862713A} = {3B05337A-4713-4AD8-BA82-4FD64C679EC0}
		{E10B5C29-FDE2-4D8D-AE81-E5A3F5CFFD3D} = {3B05337A-4713-4AD8-BA82-4FD64C679EC0}
		{861C05A3-6527-49A3-B3DC-D0DB0002490E} = {3B05337A-4713-4AD8-BA82-4FD64C679EC0}
		{CDDC1E89-303F-417C-A878-D0BE77627AB3} = {C00A33D0-7D50-410A-BF74-99E48862713A}
		{27887084-A203-45CA-AA87-F462BC18F8B2} = {C00A33D0-7D50-410A-BF74-99E48862713A}
	EndGlobalSection
	GlobalSection(ExtensibilityGlobals) = postSolution
		SolutionGuid = {9C83CD8B-CF45-4F20-BE9A-FBB7A02D8CF6}
	EndGlobalSection
EndGlobal
